
Microsoft Visual Studio Solution File, Format Version 12.00
# Visual Studio 15
VisualStudioVersion = 15.0.27130.2036
MinimumVisualStudioVersion = 10.0.40219.1
Project("{FAE04EC0-301F-11D3-BF4B-00C04F79EFBC}") = "ReportCLI", "ReportCLI\ReportCLI.csproj", "{AD8F9F9A-2AD2-4EFF-B0A9-3300CC3BF26F}"
EndProject
Project("{FAE04EC0-301F-11D3-BF4B-00C04F79EFBC}") = "Reports", "Report\Reports.csproj", "{3EFFC028-0704-4974-8827-BF3904D36206}"
EndProject
Project("{FAE04EC0-301F-11D3-BF4B-00C04F79EFBC}") = "Charts", "Charts\Charts.csproj", "{207DDA52-B5FB-41F5-8098-782DA99CC066}"
EndProject
Project("{FAE04EC0-301F-11D3-BF4B-00C04F79EFBC}") = "FenixReporterApp", "FenixReporterApp\FenixReporterApp.csproj", "{6AA4EE01-4CE2-4166-B097-B67354B4FD68}"
EndProject
Global
	GlobalSection(Performance) = preSolution
		HasPerformanceSessions = true
	EndGlobalSection
	GlobalSection(SolutionConfigurationPlatforms) = preSolution
		Debug|Any CPU = Debug|Any CPU
		Release|Any CPU = Release|Any CPU
	EndGlobalSection
	GlobalSection(ProjectConfigurationPlatforms) = postSolution
		{AD8F9F9A-2AD2-4EFF-B0A9-3300CC3BF26F}.Debug|Any CPU.ActiveCfg = Debug|Any CPU
		{AD8F9F9A-2AD2-4EFF-B0A9-3300CC3BF26F}.Debug|Any CPU.Build.0 = Debug|Any CPU
		{AD8F9F9A-2AD2-4EFF-B0A9-3300CC3BF26F}.Release|Any CPU.ActiveCfg = Release|Any CPU
		{AD8F9F9A-2AD2-4EFF-B0A9-3300CC3BF26F}.Release|Any CPU.Build.0 = Release|Any CPU
		{3EFFC028-0704-4974-8827-BF3904D36206}.Debug|Any CPU.ActiveCfg = Debug|Any CPU
		{3EFFC028-0704-4974-8827-BF3904D36206}.Debug|Any CPU.Build.0 = Debug|Any CPU
		{3EFFC028-0704-4974-8827-BF3904D36206}.Release|Any CPU.ActiveCfg = Release|Any CPU
		{3EFFC028-0704-4974-8827-BF3904D36206}.Release|Any CPU.Build.0 = Release|Any CPU
		{207DDA52-B5FB-41F5-8098-782DA99CC066}.Debug|Any CPU.ActiveCfg = Debug|Any CPU
		{207DDA52-B5FB-41F5-8098-782DA99CC066}.Debug|Any CPU.Build.0 = Debug|Any CPU
		{207DDA52-B5FB-41F5-8098-782DA99CC066}.Release|Any CPU.ActiveCfg = Release|Any CPU
		{207DDA52-B5FB-41F5-8098-782DA99CC066}.Release|Any CPU.Build.0 = Release|Any CPU
		{6AA4EE01-4CE2-4166-B097-B67354B4FD68}.Debug|Any CPU.ActiveCfg = Debug|Any CPU
		{6AA4EE01-4CE2-4166-B097-B67354B4FD68}.Debug|Any CPU.Build.0 = Debug|Any CPU
		{6AA4EE01-4CE2-4166-B097-B67354B4FD68}.Release|Any CPU.ActiveCfg = Release|Any CPU
		{6AA4EE01-4CE2-4166-B097-B67354B4FD68}.Release|Any CPU.Build.0 = Release|Any CPU
	EndGlobalSection
	GlobalSection(SolutionProperties) = preSolution
		HideSolutionNode = FALSE
	EndGlobalSection
	GlobalSection(ExtensibilityGlobals) = postSolution
		SolutionGuid = {6F15057B-5B63-49DD-B9C5-3C71AC73FF04}
	EndGlobalSection
	GlobalSection(TeamFoundationVersionControl) = preSolution
		SccNumberOfProjects = 5
		SccEnterpriseProvider = {4CA58AB2-18FA-4F8D-95D4-32DDF27D184C}
		SccTeamFoundationServer = http://192.168.137.8:8080/tfs/fenix
		SccLocalPath0 = .
		SccProjectUniqueName1 = ReportCLI\\ReportCLI.csproj
		SccProjectName1 = ReportCLI
		SccLocalPath1 = ReportCLI
		SccProjectUniqueName2 = Report\\Reports.csproj
		SccProjectName2 = Report
		SccLocalPath2 = Report
		SccProjectUniqueName3 = Charts\\Charts.csproj
		SccProjectName3 = Charts
		SccLocalPath3 = Charts
		SccProjectUniqueName4 = FenixReporterApp\\FenixReporterApp.csproj
		SccProjectName4 = FenixReporterApp
		SccLocalPath4 = FenixReporterApp
	EndGlobalSection
	GlobalSection(Performance) = preSolution
		HasPerformanceSessions = true
	EndGlobalSection
	GlobalSection(Performance) = preSolution
		HasPerformanceSessions = true
	EndGlobalSection
	GlobalSection(Performance) = preSolution
		HasPerformanceSessions = true
	EndGlobalSection
	GlobalSection(Performance) = preSolution
		HasPerformanceSessions = true
	EndGlobalSection
	GlobalSection(Performance) = preSolution
		HasPerformanceSessions = true
	EndGlobalSection
	GlobalSection(Performance) = preSolution
		HasPerformanceSessions = true
	EndGlobalSection
EndGlobal
